
Microsoft Visual Studio Solution File, Format Version 12.00
# Visual Studio Version 16
VisualStudioVersion = 16.0.810.25
MinimumVisualStudioVersion = 10.0.40219.1
Project("{FAE04EC0-301F-11D3-BF4B-00C04F79EFBC}") = "Testing", "Testing\Testing.csproj", "{573CABB8-058F-428F-AC91-180FC43CC4D0}"
EndProject
Global
	GlobalSection(SolutionConfigurationPlatforms) = preSolution
		Debug|Any CPU = Debug|Any CPU
		Release|Any CPU = Release|Any CPU
	EndGlobalSection
	GlobalSection(ProjectConfigurationPlatforms) = postSolution
		{573CABB8-058F-428F-AC91-180FC43CC4D0}.Debug|Any CPU.ActiveCfg = Debug|Any CPU
		{573CABB8-058F-428F-AC91-180FC43CC4D0}.Debug|Any CPU.Build.0 = Debug|Any CPU
		{573CABB8-058F-428F-AC91-180FC43CC4D0}.Release|Any CPU.ActiveCfg = Release|Any CPU
		{573CABB8-058F-428F-AC91-180FC43CC4D0}.Release|Any CPU.Build.0 = Release|Any CPU
	EndGlobalSection
	GlobalSection(SolutionProperties) = preSolution
		HideSolutionNode = FALSE
	EndGlobalSection
	GlobalSection(ExtensibilityGlobals) = postSolution
		SolutionGuid = {70B3692B-D2C3-423C-BCBC-053FBDE57752}
	EndGlobalSection
EndGlobal
