
Microsoft Visual Studio Solution File, Format Version 12.00
# Visual Studio Version 16
VisualStudioVersion = 16.0.810.25
MinimumVisualStudioVersion = 10.0.40219.1
Project("{FAE04EC0-301F-11D3-BF4B-00C04F79EFBC}") = "dayTwoExerciseB", "dayTwoExerciseB\dayTwoExerciseB.csproj", "{AEC001FE-4A3A-43F3-84E6-312BE175FA42}"
EndProject
Global
	GlobalSection(SolutionConfigurationPlatforms) = preSolution
		Debug|Any CPU = Debug|Any CPU
		Release|Any CPU = Release|Any CPU
	EndGlobalSection
	GlobalSection(ProjectConfigurationPlatforms) = postSolution
		{AEC001FE-4A3A-43F3-84E6-312BE175FA42}.Debug|Any CPU.ActiveCfg = Debug|Any CPU
		{AEC001FE-4A3A-43F3-84E6-312BE175FA42}.Debug|Any CPU.Build.0 = Debug|Any CPU
		{AEC001FE-4A3A-43F3-84E6-312BE175FA42}.Release|Any CPU.ActiveCfg = Release|Any CPU
		{AEC001FE-4A3A-43F3-84E6-312BE175FA42}.Release|Any CPU.Build.0 = Release|Any CPU
	EndGlobalSection
	GlobalSection(SolutionProperties) = preSolution
		HideSolutionNode = FALSE
	EndGlobalSection
	GlobalSection(ExtensibilityGlobals) = postSolution
		SolutionGuid = {50DD92C3-B84A-43B5-876C-BE0FED904CB3}
	EndGlobalSection
EndGlobal
