
Microsoft Visual Studio Solution File, Format Version 12.00
# Visual Studio Version 16
VisualStudioVersion = 16.0.810.25
MinimumVisualStudioVersion = 10.0.40219.1
Project("{FAE04EC0-301F-11D3-BF4B-00C04F79EFBC}") = "DemoDayOne", "DemoDayOne\DemoDayOne.csproj", "{EB298A67-044E-4239-BE64-C05100042CDC}"
EndProject
Global
	GlobalSection(SolutionConfigurationPlatforms) = preSolution
		Debug|Any CPU = Debug|Any CPU
		Release|Any CPU = Release|Any CPU
	EndGlobalSection
	GlobalSection(ProjectConfigurationPlatforms) = postSolution
		{EB298A67-044E-4239-BE64-C05100042CDC}.Debug|Any CPU.ActiveCfg = Debug|Any CPU
		{EB298A67-044E-4239-BE64-C05100042CDC}.Debug|Any CPU.Build.0 = Debug|Any CPU
		{EB298A67-044E-4239-BE64-C05100042CDC}.Release|Any CPU.ActiveCfg = Release|Any CPU
		{EB298A67-044E-4239-BE64-C05100042CDC}.Release|Any CPU.Build.0 = Release|Any CPU
	EndGlobalSection
	GlobalSection(SolutionProperties) = preSolution
		HideSolutionNode = FALSE
	EndGlobalSection
	GlobalSection(ExtensibilityGlobals) = postSolution
		SolutionGuid = {6DD3358B-D497-44B2-BB2E-7AC9AFCB2086}
	EndGlobalSection
EndGlobal
